// !$*UTF8*$!
{
	archiveVersion = 1;
	classes = {
	};
	objectVersion = 56;
	objects = {

/* Begin PBXBuildFile section */
		5022428B2AF5C7CB00506C45 /* CPUInfoProvider.swift in Sources */ = {isa = PBXBuildFile; fileRef = 5022428A2AF5C7CB00506C45 /* CPUInfoProvider.swift */; };
		5022428D2AF5C8E500506C45 /* CPUInfoProviderMock.swift in Sources */ = {isa = PBXBuildFile; fileRef = 5022428C2AF5C8E500506C45 /* CPUInfoProviderMock.swift */; };
		5022428F2AF5C93300506C45 /* CPUUsageReportTests.swift in Sources */ = {isa = PBXBuildFile; fileRef = 5022428E2AF5C93300506C45 /* CPUUsageReportTests.swift */; };
		502242912AF6F0FA00506C45 /* ReportComponentTests.swift in Sources */ = {isa = PBXBuildFile; fileRef = 502242902AF6F0FA00506C45 /* ReportComponentTests.swift */; };
		509BDF2C2AE9B9DB0081B12E /* HIDTransmitterApp.swift in Sources */ = {isa = PBXBuildFile; fileRef = 509BDF2B2AE9B9DB0081B12E /* HIDTransmitterApp.swift */; };
		509BDF302AE9B9DD0081B12E /* Assets.xcassets in Resources */ = {isa = PBXBuildFile; fileRef = 509BDF2F2AE9B9DD0081B12E /* Assets.xcassets */; };
		509BDF332AE9B9DD0081B12E /* Preview Assets.xcassets in Resources */ = {isa = PBXBuildFile; fileRef = 509BDF322AE9B9DD0081B12E /* Preview Assets.xcassets */; };
		509BDF402AE9C7470081B12E /* USBDeviceSwift in Frameworks */ = {isa = PBXBuildFile; productRef = 509BDF3F2AE9C7470081B12E /* USBDeviceSwift */; };
		509BDF422AED96EE0081B12E /* DeviceMonitor.swift in Sources */ = {isa = PBXBuildFile; fileRef = 509BDF412AED96EE0081B12E /* DeviceMonitor.swift */; };
		509BDF442AEDB5DD0081B12E /* DataAggregator.swift in Sources */ = {isa = PBXBuildFile; fileRef = 509BDF432AEDB5DD0081B12E /* DataAggregator.swift */; };
		50ACB1DC2AEDBA8D007C330C /* HIDDevice+Utils.swift in Sources */ = {isa = PBXBuildFile; fileRef = 50ACB1DB2AEDBA8D007C330C /* HIDDevice+Utils.swift */; };
		50ACB1E02AEEFABD007C330C /* DateReport.swift in Sources */ = {isa = PBXBuildFile; fileRef = 50ACB1DF2AEEFABD007C330C /* DateReport.swift */; };
		50ACB1E32AEEFB15007C330C /* HostReport.swift in Sources */ = {isa = PBXBuildFile; fileRef = 50ACB1E22AEEFB15007C330C /* HostReport.swift */; };
		50ACB1E52AEEFE5E007C330C /* ReportComponent.swift in Sources */ = {isa = PBXBuildFile; fileRef = 50ACB1E42AEEFE5E007C330C /* ReportComponent.swift */; };
		50ACB1E72AEF00D3007C330C /* CPUUsageReport.swift in Sources */ = {isa = PBXBuildFile; fileRef = 50ACB1E62AEF00D3007C330C /* CPUUsageReport.swift */; };
		50ACB1EF2AF1B251007C330C /* HostReportTests.swift in Sources */ = {isa = PBXBuildFile; fileRef = 50ACB1EE2AF1B251007C330C /* HostReportTests.swift */; };
		50ACB1F72AF1B52F007C330C /* HostMock.swift in Sources */ = {isa = PBXBuildFile; fileRef = 50ACB1F62AF1B52F007C330C /* HostMock.swift */; };
		50ACB1F92AF2F44B007C330C /* DateReportTests.swift in Sources */ = {isa = PBXBuildFile; fileRef = 50ACB1F82AF2F44B007C330C /* DateReportTests.swift */; };
		50ACB1FB2AF2F73C007C330C /* DateProviderMock.swift in Sources */ = {isa = PBXBuildFile; fileRef = 50ACB1FA2AF2F73C007C330C /* DateProviderMock.swift */; };
		50ACB1FD2AF3E7DE007C330C /* DateProvider.swift in Sources */ = {isa = PBXBuildFile; fileRef = 50ACB1FC2AF3E7DE007C330C /* DateProvider.swift */; };
		50ACB2002AF3EA44007C330C /* HostConvertible.swift in Sources */ = {isa = PBXBuildFile; fileRef = 50ACB1FF2AF3EA44007C330C /* HostConvertible.swift */; };
		50C50FDD2B04251200D56D10 /* MenuBarContent.swift in Sources */ = {isa = PBXBuildFile; fileRef = 50C50FDC2B04251200D56D10 /* MenuBarContent.swift */; };
		50C50FDF2B04251B00D56D10 /* MenuBarLabel.swift in Sources */ = {isa = PBXBuildFile; fileRef = 50C50FDE2B04251B00D56D10 /* MenuBarLabel.swift */; };
		50ED84712AFAEDA800E70795 /* LockedReport.swift in Sources */ = {isa = PBXBuildFile; fileRef = 50ED84702AFAEDA800E70795 /* LockedReport.swift */; };
/* End PBXBuildFile section */

/* Begin PBXContainerItemProxy section */
		50ACB1F02AF1B251007C330C /* PBXContainerItemProxy */ = {
			isa = PBXContainerItemProxy;
			containerPortal = 509BDF202AE9B9DB0081B12E /* Project object */;
			proxyType = 1;
			remoteGlobalIDString = 509BDF272AE9B9DB0081B12E;
			remoteInfo = HIDTransmitter;
		};
/* End PBXContainerItemProxy section */

/* Begin PBXFileReference section */
		5022428A2AF5C7CB00506C45 /* CPUInfoProvider.swift */ = {isa = PBXFileReference; lastKnownFileType = sourcecode.swift; path = CPUInfoProvider.swift; sourceTree = "<group>"; };
		5022428C2AF5C8E500506C45 /* CPUInfoProviderMock.swift */ = {isa = PBXFileReference; lastKnownFileType = sourcecode.swift; path = CPUInfoProviderMock.swift; sourceTree = "<group>"; };
		5022428E2AF5C93300506C45 /* CPUUsageReportTests.swift */ = {isa = PBXFileReference; lastKnownFileType = sourcecode.swift; path = CPUUsageReportTests.swift; sourceTree = "<group>"; };
		502242902AF6F0FA00506C45 /* ReportComponentTests.swift */ = {isa = PBXFileReference; lastKnownFileType = sourcecode.swift; path = ReportComponentTests.swift; sourceTree = "<group>"; };
		509BDF282AE9B9DB0081B12E /* HIDTransmitter.app */ = {isa = PBXFileReference; explicitFileType = wrapper.application; includeInIndex = 0; path = HIDTransmitter.app; sourceTree = BUILT_PRODUCTS_DIR; };
		509BDF2B2AE9B9DB0081B12E /* HIDTransmitterApp.swift */ = {isa = PBXFileReference; lastKnownFileType = sourcecode.swift; path = HIDTransmitterApp.swift; sourceTree = "<group>"; };
		509BDF2F2AE9B9DD0081B12E /* Assets.xcassets */ = {isa = PBXFileReference; lastKnownFileType = folder.assetcatalog; path = Assets.xcassets; sourceTree = "<group>"; };
		509BDF322AE9B9DD0081B12E /* Preview Assets.xcassets */ = {isa = PBXFileReference; lastKnownFileType = folder.assetcatalog; path = "Preview Assets.xcassets"; sourceTree = "<group>"; };
		509BDF342AE9B9DD0081B12E /* HIDTransmitter.entitlements */ = {isa = PBXFileReference; lastKnownFileType = text.plist.entitlements; path = HIDTransmitter.entitlements; sourceTree = "<group>"; };
		509BDF412AED96EE0081B12E /* DeviceMonitor.swift */ = {isa = PBXFileReference; lastKnownFileType = sourcecode.swift; path = DeviceMonitor.swift; sourceTree = "<group>"; };
		509BDF432AEDB5DD0081B12E /* DataAggregator.swift */ = {isa = PBXFileReference; lastKnownFileType = sourcecode.swift; path = DataAggregator.swift; sourceTree = "<group>"; };
		50ACB1DB2AEDBA8D007C330C /* HIDDevice+Utils.swift */ = {isa = PBXFileReference; lastKnownFileType = sourcecode.swift; path = "HIDDevice+Utils.swift"; sourceTree = "<group>"; };
		50ACB1DF2AEEFABD007C330C /* DateReport.swift */ = {isa = PBXFileReference; lastKnownFileType = sourcecode.swift; path = DateReport.swift; sourceTree = "<group>"; };
		50ACB1E22AEEFB15007C330C /* HostReport.swift */ = {isa = PBXFileReference; lastKnownFileType = sourcecode.swift; path = HostReport.swift; sourceTree = "<group>"; };
		50ACB1E42AEEFE5E007C330C /* ReportComponent.swift */ = {isa = PBXFileReference; lastKnownFileType = sourcecode.swift; path = ReportComponent.swift; sourceTree = "<group>"; };
		50ACB1E62AEF00D3007C330C /* CPUUsageReport.swift */ = {isa = PBXFileReference; lastKnownFileType = sourcecode.swift; path = CPUUsageReport.swift; sourceTree = "<group>"; };
		50ACB1EC2AF1B251007C330C /* HIDTransmitterTests.xctest */ = {isa = PBXFileReference; explicitFileType = wrapper.cfbundle; includeInIndex = 0; path = HIDTransmitterTests.xctest; sourceTree = BUILT_PRODUCTS_DIR; };
		50ACB1EE2AF1B251007C330C /* HostReportTests.swift */ = {isa = PBXFileReference; lastKnownFileType = sourcecode.swift; path = HostReportTests.swift; sourceTree = "<group>"; };
		50ACB1F62AF1B52F007C330C /* HostMock.swift */ = {isa = PBXFileReference; lastKnownFileType = sourcecode.swift; path = HostMock.swift; sourceTree = "<group>"; };
		50ACB1F82AF2F44B007C330C /* DateReportTests.swift */ = {isa = PBXFileReference; lastKnownFileType = sourcecode.swift; path = DateReportTests.swift; sourceTree = "<group>"; };
		50ACB1FA2AF2F73C007C330C /* DateProviderMock.swift */ = {isa = PBXFileReference; lastKnownFileType = sourcecode.swift; path = DateProviderMock.swift; sourceTree = "<group>"; };
		50ACB1FC2AF3E7DE007C330C /* DateProvider.swift */ = {isa = PBXFileReference; lastKnownFileType = sourcecode.swift; path = DateProvider.swift; sourceTree = "<group>"; };
		50ACB1FF2AF3EA44007C330C /* HostConvertible.swift */ = {isa = PBXFileReference; lastKnownFileType = sourcecode.swift; path = HostConvertible.swift; sourceTree = "<group>"; };
		50C50FD72B01823800D56D10 /* Info.plist */ = {isa = PBXFileReference; lastKnownFileType = text.plist; path = Info.plist; sourceTree = "<group>"; };
		50C50FD82B01824E00D56D10 /* Info.plist */ = {isa = PBXFileReference; lastKnownFileType = text.plist; path = Info.plist; sourceTree = "<group>"; };
		50C50FDC2B04251200D56D10 /* MenuBarContent.swift */ = {isa = PBXFileReference; lastKnownFileType = sourcecode.swift; path = MenuBarContent.swift; sourceTree = "<group>"; };
		50C50FDE2B04251B00D56D10 /* MenuBarLabel.swift */ = {isa = PBXFileReference; lastKnownFileType = sourcecode.swift; path = MenuBarLabel.swift; sourceTree = "<group>"; };
		50ED84702AFAEDA800E70795 /* LockedReport.swift */ = {isa = PBXFileReference; lastKnownFileType = sourcecode.swift; path = LockedReport.swift; sourceTree = "<group>"; };
/* End PBXFileReference section */

/* Begin PBXFrameworksBuildPhase section */
		509BDF252AE9B9DB0081B12E /* Frameworks */ = {
			isa = PBXFrameworksBuildPhase;
			buildActionMask = 2147483647;
			files = (
				509BDF402AE9C7470081B12E /* USBDeviceSwift in Frameworks */,
			);
			runOnlyForDeploymentPostprocessing = 0;
		};
		50ACB1E92AF1B251007C330C /* Frameworks */ = {
			isa = PBXFrameworksBuildPhase;
			buildActionMask = 2147483647;
			files = (
			);
			runOnlyForDeploymentPostprocessing = 0;
		};
/* End PBXFrameworksBuildPhase section */

/* Begin PBXGroup section */
		502242892AF5C7B700506C45 /* CPU usage */ = {
			isa = PBXGroup;
			children = (
				50ACB1E62AEF00D3007C330C /* CPUUsageReport.swift */,
				5022428A2AF5C7CB00506C45 /* CPUInfoProvider.swift */,
			);
			path = "CPU usage";
			sourceTree = "<group>";
		};
		509BDF1F2AE9B9DB0081B12E = {
			isa = PBXGroup;
			children = (
				509BDF2A2AE9B9DB0081B12E /* HIDTransmitter */,
				50ACB1ED2AF1B251007C330C /* HIDTransmitterTests */,
				509BDF292AE9B9DB0081B12E /* Products */,
			);
			sourceTree = "<group>";
		};
		509BDF292AE9B9DB0081B12E /* Products */ = {
			isa = PBXGroup;
			children = (
				509BDF282AE9B9DB0081B12E /* HIDTransmitter.app */,
				50ACB1EC2AF1B251007C330C /* HIDTransmitterTests.xctest */,
			);
			name = Products;
			sourceTree = "<group>";
		};
		509BDF2A2AE9B9DB0081B12E /* HIDTransmitter */ = {
			isa = PBXGroup;
			children = (
				50C50FD82B01824E00D56D10 /* Info.plist */,
				509BDF2B2AE9B9DB0081B12E /* HIDTransmitterApp.swift */,
				50C50FDB2B04250200D56D10 /* MenuBar */,
				509BDF412AED96EE0081B12E /* DeviceMonitor.swift */,
				50ACB1DB2AEDBA8D007C330C /* HIDDevice+Utils.swift */,
				509BDF432AEDB5DD0081B12E /* DataAggregator.swift */,
				50ACB1E12AEEFAC3007C330C /* Report */,
				509BDF2F2AE9B9DD0081B12E /* Assets.xcassets */,
				509BDF342AE9B9DD0081B12E /* HIDTransmitter.entitlements */,
				509BDF312AE9B9DD0081B12E /* Preview Content */,
			);
			path = HIDTransmitter;
			sourceTree = "<group>";
		};
		509BDF312AE9B9DD0081B12E /* Preview Content */ = {
			isa = PBXGroup;
			children = (
				509BDF322AE9B9DD0081B12E /* Preview Assets.xcassets */,
			);
			path = "Preview Content";
			sourceTree = "<group>";
		};
		50ACB1E12AEEFAC3007C330C /* Report */ = {
			isa = PBXGroup;
			children = (
				50ACB1E42AEEFE5E007C330C /* ReportComponent.swift */,
				50ED84702AFAEDA800E70795 /* LockedReport.swift */,
				50ACB1FE2AF3EA36007C330C /* Date */,
				50ACB2012AF3EA53007C330C /* Host */,
				502242892AF5C7B700506C45 /* CPU usage */,
			);
			path = Report;
			sourceTree = "<group>";
		};
		50ACB1ED2AF1B251007C330C /* HIDTransmitterTests */ = {
			isa = PBXGroup;
			children = (
				50C50FD72B01823800D56D10 /* Info.plist */,
				50ACB1EE2AF1B251007C330C /* HostReportTests.swift */,
				50ACB1F82AF2F44B007C330C /* DateReportTests.swift */,
				5022428E2AF5C93300506C45 /* CPUUsageReportTests.swift */,
				502242902AF6F0FA00506C45 /* ReportComponentTests.swift */,
				50ACB1F52AF1B525007C330C /* Mocks */,
			);
			path = HIDTransmitterTests;
			sourceTree = "<group>";
		};
		50ACB1F52AF1B525007C330C /* Mocks */ = {
			isa = PBXGroup;
			children = (
				50ACB1F62AF1B52F007C330C /* HostMock.swift */,
				50ACB1FA2AF2F73C007C330C /* DateProviderMock.swift */,
				5022428C2AF5C8E500506C45 /* CPUInfoProviderMock.swift */,
			);
			path = Mocks;
			sourceTree = "<group>";
		};
		50ACB1FE2AF3EA36007C330C /* Date */ = {
			isa = PBXGroup;
			children = (
				50ACB1DF2AEEFABD007C330C /* DateReport.swift */,
				50ACB1FC2AF3E7DE007C330C /* DateProvider.swift */,
			);
			path = Date;
			sourceTree = "<group>";
		};
		50ACB2012AF3EA53007C330C /* Host */ = {
			isa = PBXGroup;
			children = (
				50ACB1E22AEEFB15007C330C /* HostReport.swift */,
				50ACB1FF2AF3EA44007C330C /* HostConvertible.swift */,
			);
			path = Host;
			sourceTree = "<group>";
		};
		50C50FDB2B04250200D56D10 /* MenuBar */ = {
			isa = PBXGroup;
			children = (
				50C50FDC2B04251200D56D10 /* MenuBarContent.swift */,
				50C50FDE2B04251B00D56D10 /* MenuBarLabel.swift */,
			);
			path = MenuBar;
			sourceTree = "<group>";
		};
/* End PBXGroup section */

/* Begin PBXNativeTarget section */
		509BDF272AE9B9DB0081B12E /* HIDTransmitter */ = {
			isa = PBXNativeTarget;
			buildConfigurationList = 509BDF372AE9B9DD0081B12E /* Build configuration list for PBXNativeTarget "HIDTransmitter" */;
			buildPhases = (
				509BDF242AE9B9DB0081B12E /* Sources */,
				509BDF252AE9B9DB0081B12E /* Frameworks */,
				509BDF262AE9B9DB0081B12E /* Resources */,
			);
			buildRules = (
			);
			dependencies = (
			);
			name = HIDTransmitter;
			packageProductDependencies = (
				509BDF3F2AE9C7470081B12E /* USBDeviceSwift */,
			);
			productName = HIDTransmitter;
			productReference = 509BDF282AE9B9DB0081B12E /* HIDTransmitter.app */;
			productType = "com.apple.product-type.application";
		};
		50ACB1EB2AF1B251007C330C /* HIDTransmitterTests */ = {
			isa = PBXNativeTarget;
			buildConfigurationList = 50ACB1F22AF1B252007C330C /* Build configuration list for PBXNativeTarget "HIDTransmitterTests" */;
			buildPhases = (
				50ACB1E82AF1B251007C330C /* Sources */,
				50ACB1E92AF1B251007C330C /* Frameworks */,
				50ACB1EA2AF1B251007C330C /* Resources */,
			);
			buildRules = (
			);
			dependencies = (
				50ACB1F12AF1B251007C330C /* PBXTargetDependency */,
			);
			name = HIDTransmitterTests;
			productName = HIDTransmitterTests;
			productReference = 50ACB1EC2AF1B251007C330C /* HIDTransmitterTests.xctest */;
			productType = "com.apple.product-type.bundle.unit-test";
		};
/* End PBXNativeTarget section */

/* Begin PBXProject section */
		509BDF202AE9B9DB0081B12E /* Project object */ = {
			isa = PBXProject;
			attributes = {
				BuildIndependentTargetsInParallel = 1;
				LastSwiftUpdateCheck = 1500;
				LastUpgradeCheck = 1500;
				TargetAttributes = {
					509BDF272AE9B9DB0081B12E = {
						CreatedOnToolsVersion = 15.0;
					};
					50ACB1EB2AF1B251007C330C = {
						CreatedOnToolsVersion = 15.0;
						TestTargetID = 509BDF272AE9B9DB0081B12E;
					};
				};
			};
			buildConfigurationList = 509BDF232AE9B9DB0081B12E /* Build configuration list for PBXProject "HIDTransmitter" */;
			compatibilityVersion = "Xcode 14.0";
			developmentRegion = en;
			hasScannedForEncodings = 0;
			knownRegions = (
				en,
				Base,
			);
			mainGroup = 509BDF1F2AE9B9DB0081B12E;
			packageReferences = (
				509BDF3E2AE9C7470081B12E /* XCRemoteSwiftPackageReference "USBDeviceSwift" */,
			);
			productRefGroup = 509BDF292AE9B9DB0081B12E /* Products */;
			projectDirPath = "";
			projectRoot = "";
			targets = (
				509BDF272AE9B9DB0081B12E /* HIDTransmitter */,
				50ACB1EB2AF1B251007C330C /* HIDTransmitterTests */,
			);
		};
/* End PBXProject section */

/* Begin PBXResourcesBuildPhase section */
		509BDF262AE9B9DB0081B12E /* Resources */ = {
			isa = PBXResourcesBuildPhase;
			buildActionMask = 2147483647;
			files = (
				509BDF332AE9B9DD0081B12E /* Preview Assets.xcassets in Resources */,
				509BDF302AE9B9DD0081B12E /* Assets.xcassets in Resources */,
			);
			runOnlyForDeploymentPostprocessing = 0;
		};
		50ACB1EA2AF1B251007C330C /* Resources */ = {
			isa = PBXResourcesBuildPhase;
			buildActionMask = 2147483647;
			files = (
			);
			runOnlyForDeploymentPostprocessing = 0;
		};
/* End PBXResourcesBuildPhase section */

/* Begin PBXSourcesBuildPhase section */
		509BDF242AE9B9DB0081B12E /* Sources */ = {
			isa = PBXSourcesBuildPhase;
			buildActionMask = 2147483647;
			files = (
				509BDF422AED96EE0081B12E /* DeviceMonitor.swift in Sources */,
				50C50FDD2B04251200D56D10 /* MenuBarContent.swift in Sources */,
				50ACB1E52AEEFE5E007C330C /* ReportComponent.swift in Sources */,
				50ACB1E72AEF00D3007C330C /* CPUUsageReport.swift in Sources */,
				50ACB1FD2AF3E7DE007C330C /* DateProvider.swift in Sources */,
				50C50FDF2B04251B00D56D10 /* MenuBarLabel.swift in Sources */,
				509BDF442AEDB5DD0081B12E /* DataAggregator.swift in Sources */,
				50ACB1E02AEEFABD007C330C /* DateReport.swift in Sources */,
				50ACB2002AF3EA44007C330C /* HostConvertible.swift in Sources */,
				509BDF2C2AE9B9DB0081B12E /* HIDTransmitterApp.swift in Sources */,
				50ACB1E32AEEFB15007C330C /* HostReport.swift in Sources */,
				50ACB1DC2AEDBA8D007C330C /* HIDDevice+Utils.swift in Sources */,
				5022428B2AF5C7CB00506C45 /* CPUInfoProvider.swift in Sources */,
				50ED84712AFAEDA800E70795 /* LockedReport.swift in Sources */,
			);
			runOnlyForDeploymentPostprocessing = 0;
		};
		50ACB1E82AF1B251007C330C /* Sources */ = {
			isa = PBXSourcesBuildPhase;
			buildActionMask = 2147483647;
			files = (
				502242912AF6F0FA00506C45 /* ReportComponentTests.swift in Sources */,
				50ACB1F92AF2F44B007C330C /* DateReportTests.swift in Sources */,
				50ACB1FB2AF2F73C007C330C /* DateProviderMock.swift in Sources */,
				5022428F2AF5C93300506C45 /* CPUUsageReportTests.swift in Sources */,
				50ACB1EF2AF1B251007C330C /* HostReportTests.swift in Sources */,
				50ACB1F72AF1B52F007C330C /* HostMock.swift in Sources */,
				5022428D2AF5C8E500506C45 /* CPUInfoProviderMock.swift in Sources */,
			);
			runOnlyForDeploymentPostprocessing = 0;
		};
/* End PBXSourcesBuildPhase section */

/* Begin PBXTargetDependency section */
		50ACB1F12AF1B251007C330C /* PBXTargetDependency */ = {
			isa = PBXTargetDependency;
			target = 509BDF272AE9B9DB0081B12E /* HIDTransmitter */;
			targetProxy = 50ACB1F02AF1B251007C330C /* PBXContainerItemProxy */;
		};
/* End PBXTargetDependency section */

/* Begin XCBuildConfiguration section */
		509BDF352AE9B9DD0081B12E /* Debug */ = {
			isa = XCBuildConfiguration;
			buildSettings = {
				ALWAYS_SEARCH_USER_PATHS = NO;
				ASSETCATALOG_COMPILER_GENERATE_SWIFT_ASSET_SYMBOL_EXTENSIONS = YES;
				CLANG_ANALYZER_NONNULL = YES;
				CLANG_ANALYZER_NUMBER_OBJECT_CONVERSION = YES_AGGRESSIVE;
				CLANG_CXX_LANGUAGE_STANDARD = "gnu++20";
				CLANG_ENABLE_MODULES = YES;
				CLANG_ENABLE_OBJC_ARC = YES;
				CLANG_ENABLE_OBJC_WEAK = YES;
				CLANG_WARN_BLOCK_CAPTURE_AUTORELEASING = YES;
				CLANG_WARN_BOOL_CONVERSION = YES;
				CLANG_WARN_COMMA = YES;
				CLANG_WARN_CONSTANT_CONVERSION = YES;
				CLANG_WARN_DEPRECATED_OBJC_IMPLEMENTATIONS = YES;
				CLANG_WARN_DIRECT_OBJC_ISA_USAGE = YES_ERROR;
				CLANG_WARN_DOCUMENTATION_COMMENTS = YES;
				CLANG_WARN_EMPTY_BODY = YES;
				CLANG_WARN_ENUM_CONVERSION = YES;
				CLANG_WARN_INFINITE_RECURSION = YES;
				CLANG_WARN_INT_CONVERSION = YES;
				CLANG_WARN_NON_LITERAL_NULL_CONVERSION = YES;
				CLANG_WARN_OBJC_IMPLICIT_RETAIN_SELF = YES;
				CLANG_WARN_OBJC_LITERAL_CONVERSION = YES;
				CLANG_WARN_OBJC_ROOT_CLASS = YES_ERROR;
				CLANG_WARN_QUOTED_INCLUDE_IN_FRAMEWORK_HEADER = YES;
				CLANG_WARN_RANGE_LOOP_ANALYSIS = YES;
				CLANG_WARN_STRICT_PROTOTYPES = YES;
				CLANG_WARN_SUSPICIOUS_MOVE = YES;
				CLANG_WARN_UNGUARDED_AVAILABILITY = YES_AGGRESSIVE;
				CLANG_WARN_UNREACHABLE_CODE = YES;
				CLANG_WARN__DUPLICATE_METHOD_MATCH = YES;
				COPY_PHASE_STRIP = NO;
				DEBUG_INFORMATION_FORMAT = dwarf;
				ENABLE_STRICT_OBJC_MSGSEND = YES;
				ENABLE_TESTABILITY = YES;
				ENABLE_USER_SCRIPT_SANDBOXING = YES;
				GCC_C_LANGUAGE_STANDARD = gnu17;
				GCC_DYNAMIC_NO_PIC = NO;
				GCC_NO_COMMON_BLOCKS = YES;
				GCC_OPTIMIZATION_LEVEL = 0;
				GCC_PREPROCESSOR_DEFINITIONS = (
					"DEBUG=1",
					"$(inherited)",
				);
				GCC_WARN_64_TO_32_BIT_CONVERSION = YES;
				GCC_WARN_ABOUT_RETURN_TYPE = YES_ERROR;
				GCC_WARN_UNDECLARED_SELECTOR = YES;
				GCC_WARN_UNINITIALIZED_AUTOS = YES_AGGRESSIVE;
				GCC_WARN_UNUSED_FUNCTION = YES;
				GCC_WARN_UNUSED_VARIABLE = YES;
				LOCALIZATION_PREFERS_STRING_CATALOGS = YES;
				MACOSX_DEPLOYMENT_TARGET = 13.5;
				MTL_ENABLE_DEBUG_INFO = INCLUDE_SOURCE;
				MTL_FAST_MATH = YES;
				ONLY_ACTIVE_ARCH = YES;
				SDKROOT = macosx;
				SWIFT_ACTIVE_COMPILATION_CONDITIONS = "DEBUG $(inherited)";
				SWIFT_OPTIMIZATION_LEVEL = "-Onone";
			};
			name = Debug;
		};
		509BDF362AE9B9DD0081B12E /* Release */ = {
			isa = XCBuildConfiguration;
			buildSettings = {
				ALWAYS_SEARCH_USER_PATHS = NO;
				ASSETCATALOG_COMPILER_GENERATE_SWIFT_ASSET_SYMBOL_EXTENSIONS = YES;
				CLANG_ANALYZER_NONNULL = YES;
				CLANG_ANALYZER_NUMBER_OBJECT_CONVERSION = YES_AGGRESSIVE;
				CLANG_CXX_LANGUAGE_STANDARD = "gnu++20";
				CLANG_ENABLE_MODULES = YES;
				CLANG_ENABLE_OBJC_ARC = YES;
				CLANG_ENABLE_OBJC_WEAK = YES;
				CLANG_WARN_BLOCK_CAPTURE_AUTORELEASING = YES;
				CLANG_WARN_BOOL_CONVERSION = YES;
				CLANG_WARN_COMMA = YES;
				CLANG_WARN_CONSTANT_CONVERSION = YES;
				CLANG_WARN_DEPRECATED_OBJC_IMPLEMENTATIONS = YES;
				CLANG_WARN_DIRECT_OBJC_ISA_USAGE = YES_ERROR;
				CLANG_WARN_DOCUMENTATION_COMMENTS = YES;
				CLANG_WARN_EMPTY_BODY = YES;
				CLANG_WARN_ENUM_CONVERSION = YES;
				CLANG_WARN_INFINITE_RECURSION = YES;
				CLANG_WARN_INT_CONVERSION = YES;
				CLANG_WARN_NON_LITERAL_NULL_CONVERSION = YES;
				CLANG_WARN_OBJC_IMPLICIT_RETAIN_SELF = YES;
				CLANG_WARN_OBJC_LITERAL_CONVERSION = YES;
				CLANG_WARN_OBJC_ROOT_CLASS = YES_ERROR;
				CLANG_WARN_QUOTED_INCLUDE_IN_FRAMEWORK_HEADER = YES;
				CLANG_WARN_RANGE_LOOP_ANALYSIS = YES;
				CLANG_WARN_STRICT_PROTOTYPES = YES;
				CLANG_WARN_SUSPICIOUS_MOVE = YES;
				CLANG_WARN_UNGUARDED_AVAILABILITY = YES_AGGRESSIVE;
				CLANG_WARN_UNREACHABLE_CODE = YES;
				CLANG_WARN__DUPLICATE_METHOD_MATCH = YES;
				COPY_PHASE_STRIP = NO;
				DEBUG_INFORMATION_FORMAT = "dwarf-with-dsym";
				ENABLE_NS_ASSERTIONS = NO;
				ENABLE_STRICT_OBJC_MSGSEND = YES;
				ENABLE_USER_SCRIPT_SANDBOXING = YES;
				GCC_C_LANGUAGE_STANDARD = gnu17;
				GCC_NO_COMMON_BLOCKS = YES;
				GCC_WARN_64_TO_32_BIT_CONVERSION = YES;
				GCC_WARN_ABOUT_RETURN_TYPE = YES_ERROR;
				GCC_WARN_UNDECLARED_SELECTOR = YES;
				GCC_WARN_UNINITIALIZED_AUTOS = YES_AGGRESSIVE;
				GCC_WARN_UNUSED_FUNCTION = YES;
				GCC_WARN_UNUSED_VARIABLE = YES;
				LOCALIZATION_PREFERS_STRING_CATALOGS = YES;
				MACOSX_DEPLOYMENT_TARGET = 13.5;
				MTL_ENABLE_DEBUG_INFO = NO;
				MTL_FAST_MATH = YES;
				SDKROOT = macosx;
				SWIFT_COMPILATION_MODE = wholemodule;
			};
			name = Release;
		};
		509BDF382AE9B9DD0081B12E /* Debug */ = {
			isa = XCBuildConfiguration;
			buildSettings = {
				ASSETCATALOG_COMPILER_APPICON_NAME = AppIcon;
				ASSETCATALOG_COMPILER_GLOBAL_ACCENT_COLOR_NAME = AccentColor;
				CODE_SIGN_ENTITLEMENTS = HIDTransmitter/HIDTransmitter.entitlements;
				CODE_SIGN_STYLE = Automatic;
				COMBINE_HIDPI_IMAGES = YES;
				CURRENT_PROJECT_VERSION = 1;
				DEVELOPMENT_ASSET_PATHS = "\"HIDTransmitter/Preview Content\"";
				DEVELOPMENT_TEAM = GK3FZH5543;
				ENABLE_HARDENED_RUNTIME = YES;
				ENABLE_PREVIEWS = YES;
				GENERATE_INFOPLIST_FILE = YES;
				INFOPLIST_FILE = HIDTransmitter/Info.plist;
				INFOPLIST_KEY_LSUIElement = YES;
				INFOPLIST_KEY_NSHumanReadableCopyright = "";
				LD_RUNPATH_SEARCH_PATHS = (
					"$(inherited)",
					"@executable_path/../Frameworks",
				);
				MARKETING_VERSION = 1.0;
				PRODUCT_BUNDLE_IDENTIFIER = eu.codehawks.HIDTransmitter;
				PRODUCT_NAME = "$(TARGET_NAME)";
				SWIFT_EMIT_LOC_STRINGS = YES;
				SWIFT_VERSION = 5.0;
			};
			name = Debug;
		};
		509BDF392AE9B9DD0081B12E /* Release */ = {
			isa = XCBuildConfiguration;
			buildSettings = {
				ASSETCATALOG_COMPILER_APPICON_NAME = AppIcon;
				ASSETCATALOG_COMPILER_GLOBAL_ACCENT_COLOR_NAME = AccentColor;
				CODE_SIGN_ENTITLEMENTS = HIDTransmitter/HIDTransmitter.entitlements;
				CODE_SIGN_STYLE = Automatic;
				COMBINE_HIDPI_IMAGES = YES;
				CURRENT_PROJECT_VERSION = 1;
				DEVELOPMENT_ASSET_PATHS = "\"HIDTransmitter/Preview Content\"";
				DEVELOPMENT_TEAM = GK3FZH5543;
				ENABLE_HARDENED_RUNTIME = YES;
				ENABLE_PREVIEWS = YES;
				GENERATE_INFOPLIST_FILE = YES;
				INFOPLIST_FILE = HIDTransmitter/Info.plist;
				INFOPLIST_KEY_LSUIElement = YES;
				INFOPLIST_KEY_NSHumanReadableCopyright = "";
				LD_RUNPATH_SEARCH_PATHS = (
					"$(inherited)",
					"@executable_path/../Frameworks",
				);
				MARKETING_VERSION = 1.0;
				PRODUCT_BUNDLE_IDENTIFIER = eu.codehawks.HIDTransmitter;
				PRODUCT_NAME = "$(TARGET_NAME)";
				SWIFT_EMIT_LOC_STRINGS = YES;
				SWIFT_VERSION = 5.0;
			};
			name = Release;
		};
		50ACB1F32AF1B252007C330C /* Debug */ = {
			isa = XCBuildConfiguration;
			buildSettings = {
				BUNDLE_LOADER = "$(TEST_HOST)";
				CODE_SIGN_STYLE = Automatic;
				CURRENT_PROJECT_VERSION = 1;
				DEVELOPMENT_TEAM = GK3FZH5543;
				GENERATE_INFOPLIST_FILE = YES;
				INFOPLIST_FILE = HIDTransmitterTests/Info.plist;
				MARKETING_VERSION = 1.0;
				PRODUCT_BUNDLE_IDENTIFIER = eu.codehawks.HIDTransmitterTests;
				PRODUCT_NAME = "$(TARGET_NAME)";
				SWIFT_EMIT_LOC_STRINGS = NO;
				SWIFT_VERSION = 5.0;
				TEST_HOST = "$(BUILT_PRODUCTS_DIR)/HIDTransmitter.app/$(BUNDLE_EXECUTABLE_FOLDER_PATH)/HIDTransmitter";
			};
			name = Debug;
		};
		50ACB1F42AF1B252007C330C /* Release */ = {
			isa = XCBuildConfiguration;
			buildSettings = {
				BUNDLE_LOADER = "$(TEST_HOST)";
				CODE_SIGN_STYLE = Automatic;
				CURRENT_PROJECT_VERSION = 1;
				DEVELOPMENT_TEAM = GK3FZH5543;
				GENERATE_INFOPLIST_FILE = YES;
				INFOPLIST_FILE = HIDTransmitterTests/Info.plist;
				MARKETING_VERSION = 1.0;
				PRODUCT_BUNDLE_IDENTIFIER = eu.codehawks.HIDTransmitterTests;
				PRODUCT_NAME = "$(TARGET_NAME)";
				SWIFT_EMIT_LOC_STRINGS = NO;
				SWIFT_VERSION = 5.0;
				TEST_HOST = "$(BUILT_PRODUCTS_DIR)/HIDTransmitter.app/$(BUNDLE_EXECUTABLE_FOLDER_PATH)/HIDTransmitter";
			};
			name = Release;
		};
/* End XCBuildConfiguration section */

/* Begin XCConfigurationList section */
		509BDF232AE9B9DB0081B12E /* Build configuration list for PBXProject "HIDTransmitter" */ = {
			isa = XCConfigurationList;
			buildConfigurations = (
				509BDF352AE9B9DD0081B12E /* Debug */,
				509BDF362AE9B9DD0081B12E /* Release */,
			);
			defaultConfigurationIsVisible = 0;
			defaultConfigurationName = Release;
		};
		509BDF372AE9B9DD0081B12E /* Build configuration list for PBXNativeTarget "HIDTransmitter" */ = {
			isa = XCConfigurationList;
			buildConfigurations = (
				509BDF382AE9B9DD0081B12E /* Debug */,
				509BDF392AE9B9DD0081B12E /* Release */,
			);
			defaultConfigurationIsVisible = 0;
			defaultConfigurationName = Release;
		};
		50ACB1F22AF1B252007C330C /* Build configuration list for PBXNativeTarget "HIDTransmitterTests" */ = {
			isa = XCConfigurationList;
			buildConfigurations = (
				50ACB1F32AF1B252007C330C /* Debug */,
				50ACB1F42AF1B252007C330C /* Release */,
			);
			defaultConfigurationIsVisible = 0;
			defaultConfigurationName = Release;
		};
/* End XCConfigurationList section */

/* Begin XCRemoteSwiftPackageReference section */
		509BDF3E2AE9C7470081B12E /* XCRemoteSwiftPackageReference "USBDeviceSwift" */ = {
			isa = XCRemoteSwiftPackageReference;
			repositoryURL = "https://github.com/Arti3DPlayer/USBDeviceSwift.git";
			requirement = {
				branch = master;
				kind = branch;
			};
		};
/* End XCRemoteSwiftPackageReference section */

/* Begin XCSwiftPackageProductDependency section */
		509BDF3F2AE9C7470081B12E /* USBDeviceSwift */ = {
			isa = XCSwiftPackageProductDependency;
			package = 509BDF3E2AE9C7470081B12E /* XCRemoteSwiftPackageReference "USBDeviceSwift" */;
			productName = USBDeviceSwift;
		};
/* End XCSwiftPackageProductDependency section */
	};
	rootObject = 509BDF202AE9B9DB0081B12E /* Project object */;
}
